
Microsoft Visual Studio Solution File, Format Version 12.00
# Visual Studio 15
VisualStudioVersion = 15.0.27703.2026
MinimumVisualStudioVersion = 10.0.40219.1
Project("{FAE04EC0-301F-11D3-BF4B-00C04F79EFBC}") = "JvFunction1", "JvFunction1\JvFunction1.csproj", "{A5EFEA47-05DF-4110-9860-195BE2B41484}"
EndProject
Project("{9A19103F-16F7-4668-BE54-9A1E7A4F7556}") = "LibScs", "LibScs\LibScs.csproj", "{D3B6ED75-2640-4B72-AA7C-C3671693214C}"
EndProject
Project("{9A19103F-16F7-4668-BE54-9A1E7A4F7556}") = "LibJvCore", "LibJvCore\LibJvCore.csproj", "{D73BD595-0091-4AA4-99D5-CA4D511789C4}"
EndProject
Project("{2150E333-8FDC-42A3-9474-1A3956D46DE8}") = "jvclass", "jvclass", "{1616FBDA-D6C8-46E2-B35F-6967B4FEAEFE}"
	ProjectSection(SolutionItems) = preProject
		JvCource.cs = JvCource.cs
		..\JvData\TestJVApp\TestJVApp\JVDataClass.cs = ..\JvData\TestJVApp\TestJVApp\JVDataClass.cs
		JvKaisaiCore.cs = JvKaisaiCore.cs
		JvRaceData.cs = JvRaceData.cs
	EndProjectSection
EndProject
Global
	GlobalSection(SolutionConfigurationPlatforms) = preSolution
		Debug|Any CPU = Debug|Any CPU
		Release|Any CPU = Release|Any CPU
	EndGlobalSection
	GlobalSection(ProjectConfigurationPlatforms) = postSolution
		{A5EFEA47-05DF-4110-9860-195BE2B41484}.Debug|Any CPU.ActiveCfg = Debug|Any CPU
		{A5EFEA47-05DF-4110-9860-195BE2B41484}.Debug|Any CPU.Build.0 = Debug|Any CPU
		{A5EFEA47-05DF-4110-9860-195BE2B41484}.Release|Any CPU.ActiveCfg = Release|Any CPU
		{A5EFEA47-05DF-4110-9860-195BE2B41484}.Release|Any CPU.Build.0 = Release|Any CPU
		{D3B6ED75-2640-4B72-AA7C-C3671693214C}.Debug|Any CPU.ActiveCfg = Debug|Any CPU
		{D3B6ED75-2640-4B72-AA7C-C3671693214C}.Debug|Any CPU.Build.0 = Debug|Any CPU
		{D3B6ED75-2640-4B72-AA7C-C3671693214C}.Release|Any CPU.ActiveCfg = Release|Any CPU
		{D3B6ED75-2640-4B72-AA7C-C3671693214C}.Release|Any CPU.Build.0 = Release|Any CPU
		{D73BD595-0091-4AA4-99D5-CA4D511789C4}.Debug|Any CPU.ActiveCfg = Debug|Any CPU
		{D73BD595-0091-4AA4-99D5-CA4D511789C4}.Debug|Any CPU.Build.0 = Debug|Any CPU
		{D73BD595-0091-4AA4-99D5-CA4D511789C4}.Release|Any CPU.ActiveCfg = Release|Any CPU
		{D73BD595-0091-4AA4-99D5-CA4D511789C4}.Release|Any CPU.Build.0 = Release|Any CPU
	EndGlobalSection
	GlobalSection(SolutionProperties) = preSolution
		HideSolutionNode = FALSE
	EndGlobalSection
	GlobalSection(ExtensibilityGlobals) = postSolution
		SolutionGuid = {19F4651C-7AF3-4DAC-9625-99319C3FA715}
	EndGlobalSection
EndGlobal
